
Microsoft Visual Studio Solution File, Format Version 12.00
# Visual Studio 15
VisualStudioVersion = 15.0.27130.2036
MinimumVisualStudioVersion = 10.0.40219.1
Project("{FAE04EC0-301F-11D3-BF4B-00C04F79EFBC}") = "Tutorial 10", "Tutorial 10\Tutorial 10.csproj", "{7E7C742D-BDDD-4EF9-9F26-52C2D95FCA2E}"
EndProject
Global
	GlobalSection(SolutionConfigurationPlatforms) = preSolution
		Debug|Any CPU = Debug|Any CPU
		Release|Any CPU = Release|Any CPU
	EndGlobalSection
	GlobalSection(ProjectConfigurationPlatforms) = postSolution
		{7E7C742D-BDDD-4EF9-9F26-52C2D95FCA2E}.Debug|Any CPU.ActiveCfg = Debug|Any CPU
		{7E7C742D-BDDD-4EF9-9F26-52C2D95FCA2E}.Debug|Any CPU.Build.0 = Debug|Any CPU
		{7E7C742D-BDDD-4EF9-9F26-52C2D95FCA2E}.Release|Any CPU.ActiveCfg = Release|Any CPU
		{7E7C742D-BDDD-4EF9-9F26-52C2D95FCA2E}.Release|Any CPU.Build.0 = Release|Any CPU
	EndGlobalSection
	GlobalSection(SolutionProperties) = preSolution
		HideSolutionNode = FALSE
	EndGlobalSection
	GlobalSection(ExtensibilityGlobals) = postSolution
		SolutionGuid = {E881D0CC-FD15-41A5-9315-0103E98F9439}
	EndGlobalSection
EndGlobal
